
Microsoft Visual Studio Solution File, Format Version 12.00
# Visual Studio Version 16
VisualStudioVersion = 16.0.29326.143
MinimumVisualStudioVersion = 10.0.40219.1
Project("{FAE04EC0-301F-11D3-BF4B-00C04F79EFBC}") = "Universal Combo Trainer", "Universal Combo Trainer\Universal Combo Trainer.csproj", "{DA3C390C-CD9F-405C-8570-44D92AF8232F}"
EndProject
Global
	GlobalSection(SolutionConfigurationPlatforms) = preSolution
		Debug|Any CPU = Debug|Any CPU
		Release|Any CPU = Release|Any CPU
	EndGlobalSection
	GlobalSection(ProjectConfigurationPlatforms) = postSolution
		{DA3C390C-CD9F-405C-8570-44D92AF8232F}.Debug|Any CPU.ActiveCfg = Debug|Any CPU
		{DA3C390C-CD9F-405C-8570-44D92AF8232F}.Debug|Any CPU.Build.0 = Debug|Any CPU
		{DA3C390C-CD9F-405C-8570-44D92AF8232F}.Release|Any CPU.ActiveCfg = Release|Any CPU
		{DA3C390C-CD9F-405C-8570-44D92AF8232F}.Release|Any CPU.Build.0 = Release|Any CPU
	EndGlobalSection
	GlobalSection(SolutionProperties) = preSolution
		HideSolutionNode = FALSE
	EndGlobalSection
	GlobalSection(ExtensibilityGlobals) = postSolution
		SolutionGuid = {98748BC8-6594-49A7-9FFC-4515BD1D344F}
	EndGlobalSection
EndGlobal
